
Microsoft Visual Studio Solution File, Format Version 12.00
# Visual Studio Version 17
VisualStudioVersion = 17.2.32526.322
MinimumVisualStudioVersion = 10.0.40219.1
Project("{FAE04EC0-301F-11D3-BF4B-00C04F79EFBC}") = "SakiCash", "SakiCash\SakiCash.csproj", "{55745993-B1E0-45A6-ACE9-8F81FB8A875B}"
EndProject
Global
	GlobalSection(SolutionConfigurationPlatforms) = preSolution
		Debug|Any CPU = Debug|Any CPU
		Release|Any CPU = Release|Any CPU
	EndGlobalSection
	GlobalSection(ProjectConfigurationPlatforms) = postSolution
		{55745993-B1E0-45A6-ACE9-8F81FB8A875B}.Debug|Any CPU.ActiveCfg = Debug|Any CPU
		{55745993-B1E0-45A6-ACE9-8F81FB8A875B}.Debug|Any CPU.Build.0 = Debug|Any CPU
		{55745993-B1E0-45A6-ACE9-8F81FB8A875B}.Release|Any CPU.ActiveCfg = Release|Any CPU
		{55745993-B1E0-45A6-ACE9-8F81FB8A875B}.Release|Any CPU.Build.0 = Release|Any CPU
	EndGlobalSection
	GlobalSection(SolutionProperties) = preSolution
		HideSolutionNode = FALSE
	EndGlobalSection
	GlobalSection(ExtensibilityGlobals) = postSolution
		SolutionGuid = {5C046DBC-58E5-44D1-B883-8725AB235442}
	EndGlobalSection
EndGlobal
